
Microsoft Visual Studio Solution File, Format Version 12.00
# Visual Studio Version 16
VisualStudioVersion = 16.0.31129.286
MinimumVisualStudioVersion = 10.0.40219.1
Project("{FAE04EC0-301F-11D3-BF4B-00C04F79EFBC}") = "ConsoleApp", "ConsoleApp\ConsoleApp.csproj", "{F26468CD-7A3F-4D54-A3C1-0B2DF5C4530D}"
EndProject
Project("{FAE04EC0-301F-11D3-BF4B-00C04F79EFBC}") = "TransmitterReceiver", "TransmitterReceiver\TransmitterReceiver.csproj", "{68BDC905-BED6-4FB8-9D3E-691682FBE432}"
EndProject
Global
	GlobalSection(SolutionConfigurationPlatforms) = preSolution
		Debug|Any CPU = Debug|Any CPU
		Release|Any CPU = Release|Any CPU
	EndGlobalSection
	GlobalSection(ProjectConfigurationPlatforms) = postSolution
		{F26468CD-7A3F-4D54-A3C1-0B2DF5C4530D}.Debug|Any CPU.ActiveCfg = Debug|Any CPU
		{F26468CD-7A3F-4D54-A3C1-0B2DF5C4530D}.Debug|Any CPU.Build.0 = Debug|Any CPU
		{F26468CD-7A3F-4D54-A3C1-0B2DF5C4530D}.Release|Any CPU.ActiveCfg = Release|Any CPU
		{F26468CD-7A3F-4D54-A3C1-0B2DF5C4530D}.Release|Any CPU.Build.0 = Release|Any CPU
		{68BDC905-BED6-4FB8-9D3E-691682FBE432}.Debug|Any CPU.ActiveCfg = Debug|Any CPU
		{68BDC905-BED6-4FB8-9D3E-691682FBE432}.Debug|Any CPU.Build.0 = Debug|Any CPU
		{68BDC905-BED6-4FB8-9D3E-691682FBE432}.Release|Any CPU.ActiveCfg = Release|Any CPU
		{68BDC905-BED6-4FB8-9D3E-691682FBE432}.Release|Any CPU.Build.0 = Release|Any CPU
	EndGlobalSection
	GlobalSection(SolutionProperties) = preSolution
		HideSolutionNode = FALSE
	EndGlobalSection
	GlobalSection(ExtensibilityGlobals) = postSolution
		SolutionGuid = {7D3EC2DC-5AB2-4F1A-B4BA-C99D55FB95EB}
	EndGlobalSection
EndGlobal
