
Microsoft Visual Studio Solution File, Format Version 12.00
# Visual Studio Version 16
VisualStudioVersion = 16.0.29503.13
MinimumVisualStudioVersion = 10.0.40219.1
Project("{FAE04EC0-301F-11D3-BF4B-00C04F79EFBC}") = "AdventureGame.Domain", "GameModel\AdventureGame.Domain.csproj", "{57D7DFC2-C59D-4CA5-AA46-D83A40AD91C5}"
EndProject
Project("{FAE04EC0-301F-11D3-BF4B-00C04F79EFBC}") = "AdventureGame.UnitTests", "GameUnitTests\AdventureGame.UnitTests.csproj", "{E45D59F5-9C7A-4E77-8FA8-0F767844D8D5}"
EndProject
Project("{FAE04EC0-301F-11D3-BF4B-00C04F79EFBC}") = "AdventureGame.WPF", "AdventureGame.WPF\AdventureGame.WPF.csproj", "{3CA2C21A-F4B1-41AF-9417-7C93E2674AB0}"
EndProject
Project("{FAE04EC0-301F-11D3-BF4B-00C04F79EFBC}") = "AdventureGame.ViewModels", "AdventureGame.ViewModels\AdventureGame.ViewModels.csproj", "{A487CC2A-376D-4D3D-9F1A-8F9444FDFADA}"
EndProject
Project("{FAE04EC0-301F-11D3-BF4B-00C04F79EFBC}") = "AdventureGame.Infrastructure", "AdventureGame.Data\AdventureGame.Infrastructure.csproj", "{54A2FF80-840C-4DAE-BC00-D10762AC16CA}"
EndProject
Project("{FAE04EC0-301F-11D3-BF4B-00C04F79EFBC}") = "AdventureGame.Repo", "AdventureGame.Repo\AdventureGame.Repo.csproj", "{B4025384-BD8A-48DA-8958-BD058959A00E}"
EndProject
Project("{FAE04EC0-301F-11D3-BF4B-00C04F79EFBC}") = "AdventureGame.Services", "AdventureGame.Services\AdventureGame.Services.csproj", "{FBC9A704-6144-4D17-B7EA-8FFDE218F251}"
EndProject
Global
	GlobalSection(SolutionConfigurationPlatforms) = preSolution
		Debug|Any CPU = Debug|Any CPU
		Release|Any CPU = Release|Any CPU
	EndGlobalSection
	GlobalSection(ProjectConfigurationPlatforms) = postSolution
		{57D7DFC2-C59D-4CA5-AA46-D83A40AD91C5}.Debug|Any CPU.ActiveCfg = Debug|Any CPU
		{57D7DFC2-C59D-4CA5-AA46-D83A40AD91C5}.Debug|Any CPU.Build.0 = Debug|Any CPU
		{57D7DFC2-C59D-4CA5-AA46-D83A40AD91C5}.Release|Any CPU.ActiveCfg = Release|Any CPU
		{57D7DFC2-C59D-4CA5-AA46-D83A40AD91C5}.Release|Any CPU.Build.0 = Release|Any CPU
		{E45D59F5-9C7A-4E77-8FA8-0F767844D8D5}.Debug|Any CPU.ActiveCfg = Debug|Any CPU
		{E45D59F5-9C7A-4E77-8FA8-0F767844D8D5}.Debug|Any CPU.Build.0 = Debug|Any CPU
		{E45D59F5-9C7A-4E77-8FA8-0F767844D8D5}.Release|Any CPU.ActiveCfg = Release|Any CPU
		{E45D59F5-9C7A-4E77-8FA8-0F767844D8D5}.Release|Any CPU.Build.0 = Release|Any CPU
		{3CA2C21A-F4B1-41AF-9417-7C93E2674AB0}.Debug|Any CPU.ActiveCfg = Debug|Any CPU
		{3CA2C21A-F4B1-41AF-9417-7C93E2674AB0}.Debug|Any CPU.Build.0 = Debug|Any CPU
		{3CA2C21A-F4B1-41AF-9417-7C93E2674AB0}.Release|Any CPU.ActiveCfg = Release|Any CPU
		{3CA2C21A-F4B1-41AF-9417-7C93E2674AB0}.Release|Any CPU.Build.0 = Release|Any CPU
		{A487CC2A-376D-4D3D-9F1A-8F9444FDFADA}.Debug|Any CPU.ActiveCfg = Debug|Any CPU
		{A487CC2A-376D-4D3D-9F1A-8F9444FDFADA}.Debug|Any CPU.Build.0 = Debug|Any CPU
		{A487CC2A-376D-4D3D-9F1A-8F9444FDFADA}.Release|Any CPU.ActiveCfg = Release|Any CPU
		{A487CC2A-376D-4D3D-9F1A-8F9444FDFADA}.Release|Any CPU.Build.0 = Release|Any CPU
		{54A2FF80-840C-4DAE-BC00-D10762AC16CA}.Debug|Any CPU.ActiveCfg = Debug|Any CPU
		{54A2FF80-840C-4DAE-BC00-D10762AC16CA}.Debug|Any CPU.Build.0 = Debug|Any CPU
		{54A2FF80-840C-4DAE-BC00-D10762AC16CA}.Release|Any CPU.ActiveCfg = Release|Any CPU
		{54A2FF80-840C-4DAE-BC00-D10762AC16CA}.Release|Any CPU.Build.0 = Release|Any CPU
		{B4025384-BD8A-48DA-8958-BD058959A00E}.Debug|Any CPU.ActiveCfg = Debug|Any CPU
		{B4025384-BD8A-48DA-8958-BD058959A00E}.Debug|Any CPU.Build.0 = Debug|Any CPU
		{B4025384-BD8A-48DA-8958-BD058959A00E}.Release|Any CPU.ActiveCfg = Release|Any CPU
		{B4025384-BD8A-48DA-8958-BD058959A00E}.Release|Any CPU.Build.0 = Release|Any CPU
		{FBC9A704-6144-4D17-B7EA-8FFDE218F251}.Debug|Any CPU.ActiveCfg = Debug|Any CPU
		{FBC9A704-6144-4D17-B7EA-8FFDE218F251}.Debug|Any CPU.Build.0 = Debug|Any CPU
		{FBC9A704-6144-4D17-B7EA-8FFDE218F251}.Release|Any CPU.ActiveCfg = Release|Any CPU
		{FBC9A704-6144-4D17-B7EA-8FFDE218F251}.Release|Any CPU.Build.0 = Release|Any CPU
	EndGlobalSection
	GlobalSection(SolutionProperties) = preSolution
		HideSolutionNode = FALSE
	EndGlobalSection
	GlobalSection(ExtensibilityGlobals) = postSolution
		SolutionGuid = {825BD52E-531E-4710-9F72-72EAEDAC25FC}
	EndGlobalSection
EndGlobal
